
Microsoft Visual Studio Solution File, Format Version 12.00
# Visual Studio Version 16
VisualStudioVersion = 16.0.30717.126
MinimumVisualStudioVersion = 10.0.40219.1
Project("{FAE04EC0-301F-11D3-BF4B-00C04F79EFBC}") = "ConsolaLinq", "ConsolaLinq\ConsolaLinq.csproj", "{B1F07189-1B8F-4E6A-A785-4FD685BF94C1}"
EndProject
Global
	GlobalSection(SolutionConfigurationPlatforms) = preSolution
		Debug|Any CPU = Debug|Any CPU
		Release|Any CPU = Release|Any CPU
	EndGlobalSection
	GlobalSection(ProjectConfigurationPlatforms) = postSolution
		{B1F07189-1B8F-4E6A-A785-4FD685BF94C1}.Debug|Any CPU.ActiveCfg = Debug|Any CPU
		{B1F07189-1B8F-4E6A-A785-4FD685BF94C1}.Debug|Any CPU.Build.0 = Debug|Any CPU
		{B1F07189-1B8F-4E6A-A785-4FD685BF94C1}.Release|Any CPU.ActiveCfg = Release|Any CPU
		{B1F07189-1B8F-4E6A-A785-4FD685BF94C1}.Release|Any CPU.Build.0 = Release|Any CPU
	EndGlobalSection
	GlobalSection(SolutionProperties) = preSolution
		HideSolutionNode = FALSE
	EndGlobalSection
	GlobalSection(ExtensibilityGlobals) = postSolution
		SolutionGuid = {7BAE9A77-0CB2-42DA-8CD2-48AE15E27ACC}
	EndGlobalSection
EndGlobal
